<?xml version="1.0" encoding="UTF-8"?>
<!DOCTYPE plist PUBLIC "-//Apple//DTD PLIST 1.0//EN" "http://www.apple.com/DTDs/PropertyList-1.0.dtd">
<plist version="1.0">
<dict>
	<key>archiveVersion</key>
	<string>1</string>
	<key>classes</key>
	<dict/>
	<key>objectVersion</key>
	<string>46</string>
	<key>objects</key>
	<dict>
		<key>17186C9219577858005E9EC9</key>
		<dict>
			<key>children</key>
			<array>
				<string>17186CA419577858005E9EC9</string>
				<string>17186CBD19577859005E9EC9</string>
				<string>17186C9D19577858005E9EC9</string>
				<string>17186C9C19577858005E9EC9</string>
				<string>9A19894920D342C58BAA64DC</string>
			</array>
			<key>isa</key>
			<string>PBXGroup</string>
			<key>sourceTree</key>
			<string>&lt;group&gt;</string>
		</dict>
		<key>17186C9319577858005E9EC9</key>
		<dict>
			<key>attributes</key>
			<dict>
				<key>CLASSPREFIX</key>
				<string>BLC</string>
				<key>LastUpgradeCheck</key>
				<string>0510</string>
				<key>ORGANIZATIONNAME</key>
				<string>Bloc</string>
				<key>TargetAttributes</key>
				<dict>
					<key>17186CB519577859005E9EC9</key>
					<dict>
						<key>TestTargetID</key>
						<string>17186C9A19577858005E9EC9</string>
					</dict>
				</dict>
			</dict>
			<key>buildConfigurationList</key>
			<string>17186C9619577858005E9EC9</string>
			<key>compatibilityVersion</key>
			<string>Xcode 3.2</string>
			<key>developmentRegion</key>
			<string>English</string>
			<key>hasScannedForEncodings</key>
			<string>0</string>
			<key>isa</key>
			<string>PBXProject</string>
			<key>knownRegions</key>
			<array>
				<string>en</string>
			</array>
			<key>mainGroup</key>
			<string>17186C9219577858005E9EC9</string>
			<key>productRefGroup</key>
			<string>17186C9C19577858005E9EC9</string>
			<key>projectDirPath</key>
			<string></string>
			<key>projectReferences</key>
			<array/>
			<key>projectRoot</key>
			<string></string>
			<key>targets</key>
			<array>
				<string>17186C9A19577858005E9EC9</string>
				<string>17186CB519577859005E9EC9</string>
			</array>
		</dict>
		<key>17186C9619577858005E9EC9</key>
		<dict>
			<key>buildConfigurations</key>
			<array>
				<string>17186CC519577859005E9EC9</string>
				<string>17186CC619577859005E9EC9</string>
			</array>
			<key>defaultConfigurationIsVisible</key>
			<string>0</string>
			<key>defaultConfigurationName</key>
			<string>Release</string>
			<key>isa</key>
			<string>XCConfigurationList</string>
		</dict>
		<key>17186C9719577858005E9EC9</key>
		<dict>
			<key>buildActionMask</key>
			<string>2147483647</string>
			<key>files</key>
			<array>
				<string>17186CE719579670005E9EC9</string>
				<string>17186CAF19577858005E9EC9</string>
				<string>17186CAB19577858005E9EC9</string>
				<string>17186CCF19578173005E9EC9</string>
				<string>17186CEA195796A4005E9EC9</string>
				<string>17186CED195796FD005E9EC9</string>
				<string>939AD9141958CF4600ED850F</string>
				<string>17186CF019579799005E9EC9</string>
				<string>939AD917195CB39F00ED850F</string>
			</array>
			<key>isa</key>
			<string>PBXSourcesBuildPhase</string>
			<key>runOnlyForDeploymentPostprocessing</key>
			<string>0</string>
		</dict>
		<key>17186C9819577858005E9EC9</key>
		<dict>
			<key>buildActionMask</key>
			<string>2147483647</string>
			<key>files</key>
			<array>
				<string>17186CA119577858005E9EC9</string>
				<string>17186CA319577858005E9EC9</string>
				<string>17186C9F19577858005E9EC9</string>
				<string>8EFB7A8A38294BABB169724F</string>
			</array>
			<key>isa</key>
			<string>PBXFrameworksBuildPhase</string>
			<key>runOnlyForDeploymentPostprocessing</key>
			<string>0</string>
		</dict>
		<key>17186C9919577858005E9EC9</key>
		<dict>
			<key>buildActionMask</key>
			<string>2147483647</string>
			<key>files</key>
			<array>
				<string>17186CE319578428005E9EC9</string>
				<string>17186CE219578428005E9EC9</string>
				<string>17186CDE19578428005E9EC9</string>
				<string>17186CDD19578428005E9EC9</string>
				<string>17186CE019578428005E9EC9</string>
				<string>17186CDB19578428005E9EC9</string>
				<string>17186CA919577858005E9EC9</string>
				<string>17186CDF19578428005E9EC9</string>
				<string>17186CE119578428005E9EC9</string>
				<string>17186CDC19578428005E9EC9</string>
				<string>17186CE419578428005E9EC9</string>
				<string>17186CB119577858005E9EC9</string>
			</array>
			<key>isa</key>
			<string>PBXResourcesBuildPhase</string>
			<key>runOnlyForDeploymentPostprocessing</key>
			<string>0</string>
		</dict>
		<key>17186C9A19577858005E9EC9</key>
		<dict>
			<key>buildConfigurationList</key>
			<string>17186CC719577859005E9EC9</string>
			<key>buildPhases</key>
			<array>
				<string>AA1D8A12C3614BC2982FA82B</string>
				<string>17186C9719577858005E9EC9</string>
				<string>17186C9819577858005E9EC9</string>
				<string>17186C9919577858005E9EC9</string>
				<string>7B20D9D1D1D44624A63820A6</string>
			</array>
			<key>buildRules</key>
			<array/>
			<key>dependencies</key>
			<array/>
			<key>isa</key>
			<string>PBXNativeTarget</string>
			<key>name</key>
			<string>Blocstagram</string>
			<key>productName</key>
			<string>Blocstagram</string>
			<key>productReference</key>
			<string>17186C9B19577858005E9EC9</string>
			<key>productType</key>
			<string>com.apple.product-type.application</string>
		</dict>
		<key>17186C9B19577858005E9EC9</key>
		<dict>
			<key>explicitFileType</key>
			<string>wrapper.application</string>
			<key>includeInIndex</key>
			<string>0</string>
			<key>isa</key>
			<string>PBXFileReference</string>
			<key>path</key>
			<string>Blocstagram.app</string>
			<key>sourceTree</key>
			<string>BUILT_PRODUCTS_DIR</string>
		</dict>
		<key>17186C9C19577858005E9EC9</key>
		<dict>
			<key>children</key>
			<array>
				<string>17186C9B19577858005E9EC9</string>
				<string>17186CB619577859005E9EC9</string>
			</array>
			<key>isa</key>
			<string>PBXGroup</string>
			<key>name</key>
			<string>Products</string>
			<key>sourceTree</key>
			<string>&lt;group&gt;</string>
		</dict>
		<key>17186C9D19577858005E9EC9</key>
		<dict>
			<key>children</key>
			<array>
				<string>17186C9E19577858005E9EC9</string>
				<string>17186CA019577858005E9EC9</string>
				<string>17186CA219577858005E9EC9</string>
				<string>17186CB719577859005E9EC9</string>
				<string>FADE57CB7F4B4FC6B5B3E5CF</string>
			</array>
			<key>isa</key>
			<string>PBXGroup</string>
			<key>name</key>
			<string>Frameworks</string>
			<key>sourceTree</key>
			<string>&lt;group&gt;</string>
		</dict>
		<key>17186C9E19577858005E9EC9</key>
		<dict>
			<key>isa</key>
			<string>PBXFileReference</string>
			<key>lastKnownFileType</key>
			<string>wrapper.framework</string>
			<key>name</key>
			<string>Foundation.framework</string>
			<key>path</key>
			<string>System/Library/Frameworks/Foundation.framework</string>
			<key>sourceTree</key>
			<string>SDKROOT</string>
		</dict>
		<key>17186C9F19577858005E9EC9</key>
		<dict>
			<key>fileRef</key>
			<string>17186C9E19577858005E9EC9</string>
			<key>isa</key>
			<string>PBXBuildFile</string>
		</dict>
		<key>17186CA019577858005E9EC9</key>
		<dict>
			<key>isa</key>
			<string>PBXFileReference</string>
			<key>lastKnownFileType</key>
			<string>wrapper.framework</string>
			<key>name</key>
			<string>CoreGraphics.framework</string>
			<key>path</key>
			<string>System/Library/Frameworks/CoreGraphics.framework</string>
			<key>sourceTree</key>
			<string>SDKROOT</string>
		</dict>
		<key>17186CA119577858005E9EC9</key>
		<dict>
			<key>fileRef</key>
			<string>17186CA019577858005E9EC9</string>
			<key>isa</key>
			<string>PBXBuildFile</string>
		</dict>
		<key>17186CA219577858005E9EC9</key>
		<dict>
			<key>isa</key>
			<string>PBXFileReference</string>
			<key>lastKnownFileType</key>
			<string>wrapper.framework</string>
			<key>name</key>
			<string>UIKit.framework</string>
			<key>path</key>
			<string>System/Library/Frameworks/UIKit.framework</string>
			<key>sourceTree</key>
			<string>SDKROOT</string>
		</dict>
		<key>17186CA319577858005E9EC9</key>
		<dict>
			<key>fileRef</key>
			<string>17186CA219577858005E9EC9</string>
			<key>isa</key>
			<string>PBXBuildFile</string>
		</dict>
		<key>17186CA419577858005E9EC9</key>
		<dict>
			<key>children</key>
			<array>
				<string>17186CAD19577858005E9EC9</string>
				<string>17186CAE19577858005E9EC9</string>
				<string>17186CEB195796FD005E9EC9</string>
				<string>17186CEC195796FD005E9EC9</string>
				<string>17186CEE19579799005E9EC9</string>
				<string>17186CEF19579799005E9EC9</string>
				<string>17186CCD19578173005E9EC9</string>
				<string>17186CCE19578173005E9EC9</string>
				<string>939AD915195CB39F00ED850F</string>
				<string>939AD916195CB39F00ED850F</string>
				<string>17186CE8195796A4005E9EC9</string>
				<string>17186CE9195796A4005E9EC9</string>
				<string>939AD9121958CF4600ED850F</string>
				<string>939AD9131958CF4600ED850F</string>
				<string>17186CE519579670005E9EC9</string>
				<string>17186CE619579670005E9EC9</string>
				<string>17186CD019578415005E9EC9</string>
				<string>17186CB019577858005E9EC9</string>
				<string>17186CA519577858005E9EC9</string>
			</array>
			<key>isa</key>
			<string>PBXGroup</string>
			<key>path</key>
			<string>Blocstagram</string>
			<key>sourceTree</key>
			<string>&lt;group&gt;</string>
		</dict>
		<key>17186CA519577858005E9EC9</key>
		<dict>
			<key>children</key>
			<array>
				<string>17186CA619577858005E9EC9</string>
				<string>17186CA719577858005E9EC9</string>
				<string>17186CAA19577858005E9EC9</string>
				<string>17186CAC19577858005E9EC9</string>
			</array>
			<key>isa</key>
			<string>PBXGroup</string>
			<key>name</key>
			<string>Supporting Files</string>
			<key>sourceTree</key>
			<string>&lt;group&gt;</string>
		</dict>
		<key>17186CA619577858005E9EC9</key>
		<dict>
			<key>isa</key>
			<string>PBXFileReference</string>
			<key>lastKnownFileType</key>
			<string>text.plist.xml</string>
			<key>path</key>
			<string>Blocstagram-Info.plist</string>
			<key>sourceTree</key>
			<string>&lt;group&gt;</string>
		</dict>
		<key>17186CA719577858005E9EC9</key>
		<dict>
			<key>children</key>
			<array>
				<string>17186CA819577858005E9EC9</string>
			</array>
			<key>isa</key>
			<string>PBXVariantGroup</string>
			<key>name</key>
			<string>InfoPlist.strings</string>
			<key>sourceTree</key>
			<string>&lt;group&gt;</string>
		</dict>
		<key>17186CA819577858005E9EC9</key>
		<dict>
			<key>isa</key>
			<string>PBXFileReference</string>
			<key>lastKnownFileType</key>
			<string>text.plist.strings</string>
			<key>name</key>
			<string>en</string>
			<key>path</key>
			<string>en.lproj/InfoPlist.strings</string>
			<key>sourceTree</key>
			<string>&lt;group&gt;</string>
		</dict>
		<key>17186CA919577858005E9EC9</key>
		<dict>
			<key>fileRef</key>
			<string>17186CA719577858005E9EC9</string>
			<key>isa</key>
			<string>PBXBuildFile</string>
		</dict>
		<key>17186CAA19577858005E9EC9</key>
		<dict>
			<key>isa</key>
			<string>PBXFileReference</string>
			<key>lastKnownFileType</key>
			<string>sourcecode.c.objc</string>
			<key>path</key>
			<string>main.m</string>
			<key>sourceTree</key>
			<string>&lt;group&gt;</string>
		</dict>
		<key>17186CAB19577858005E9EC9</key>
		<dict>
			<key>fileRef</key>
			<string>17186CAA19577858005E9EC9</string>
			<key>isa</key>
			<string>PBXBuildFile</string>
		</dict>
		<key>17186CAC19577858005E9EC9</key>
		<dict>
			<key>isa</key>
			<string>PBXFileReference</string>
			<key>lastKnownFileType</key>
			<string>sourcecode.c.h</string>
			<key>path</key>
			<string>Blocstagram-Prefix.pch</string>
			<key>sourceTree</key>
			<string>&lt;group&gt;</string>
		</dict>
		<key>17186CAD19577858005E9EC9</key>
		<dict>
			<key>isa</key>
			<string>PBXFileReference</string>
			<key>lastKnownFileType</key>
			<string>sourcecode.c.h</string>
			<key>path</key>
			<string>BLCAppDelegate.h</string>
			<key>sourceTree</key>
			<string>&lt;group&gt;</string>
		</dict>
		<key>17186CAE19577858005E9EC9</key>
		<dict>
			<key>isa</key>
			<string>PBXFileReference</string>
			<key>lastKnownFileType</key>
			<string>sourcecode.c.objc</string>
			<key>path</key>
			<string>BLCAppDelegate.m</string>
			<key>sourceTree</key>
			<string>&lt;group&gt;</string>
		</dict>
		<key>17186CAF19577858005E9EC9</key>
		<dict>
			<key>fileRef</key>
			<string>17186CAE19577858005E9EC9</string>
			<key>isa</key>
			<string>PBXBuildFile</string>
		</dict>
		<key>17186CB019577858005E9EC9</key>
		<dict>
			<key>isa</key>
			<string>PBXFileReference</string>
			<key>lastKnownFileType</key>
			<string>folder.assetcatalog</string>
			<key>path</key>
			<string>Images.xcassets</string>
			<key>sourceTree</key>
			<string>&lt;group&gt;</string>
		</dict>
		<key>17186CB119577858005E9EC9</key>
		<dict>
			<key>fileRef</key>
			<string>17186CB019577858005E9EC9</string>
			<key>isa</key>
			<string>PBXBuildFile</string>
		</dict>
		<key>17186CB219577859005E9EC9</key>
		<dict>
			<key>buildActionMask</key>
			<string>2147483647</string>
			<key>files</key>
			<array>
				<string>17186CC419577859005E9EC9</string>
			</array>
			<key>isa</key>
			<string>PBXSourcesBuildPhase</string>
			<key>runOnlyForDeploymentPostprocessing</key>
			<string>0</string>
		</dict>
		<key>17186CB319577859005E9EC9</key>
		<dict>
			<key>buildActionMask</key>
			<string>2147483647</string>
			<key>files</key>
			<array>
				<string>17186CB819577859005E9EC9</string>
				<string>17186CBA19577859005E9EC9</string>
				<string>17186CB919577859005E9EC9</string>
			</array>
			<key>isa</key>
			<string>PBXFrameworksBuildPhase</string>
			<key>runOnlyForDeploymentPostprocessing</key>
			<string>0</string>
		</dict>
		<key>17186CB419577859005E9EC9</key>
		<dict>
			<key>buildActionMask</key>
			<string>2147483647</string>
			<key>files</key>
			<array>
				<string>17186CC219577859005E9EC9</string>
			</array>
			<key>isa</key>
			<string>PBXResourcesBuildPhase</string>
			<key>runOnlyForDeploymentPostprocessing</key>
			<string>0</string>
		</dict>
		<key>17186CB519577859005E9EC9</key>
		<dict>
			<key>buildConfigurationList</key>
			<string>17186CCA19577859005E9EC9</string>
			<key>buildPhases</key>
			<array>
				<string>17186CB219577859005E9EC9</string>
				<string>17186CB319577859005E9EC9</string>
				<string>17186CB419577859005E9EC9</string>
			</array>
			<key>buildRules</key>
			<array/>
			<key>dependencies</key>
			<array>
				<string>17186CBC19577859005E9EC9</string>
			</array>
			<key>isa</key>
			<string>PBXNativeTarget</string>
			<key>name</key>
			<string>BlocstagramTests</string>
			<key>productName</key>
			<string>BlocstagramTests</string>
			<key>productReference</key>
			<string>17186CB619577859005E9EC9</string>
			<key>productType</key>
			<string>com.apple.product-type.bundle.unit-test</string>
		</dict>
		<key>17186CB619577859005E9EC9</key>
		<dict>
			<key>explicitFileType</key>
			<string>wrapper.cfbundle</string>
			<key>includeInIndex</key>
			<string>0</string>
			<key>isa</key>
			<string>PBXFileReference</string>
			<key>path</key>
			<string>BlocstagramTests.xctest</string>
			<key>sourceTree</key>
			<string>BUILT_PRODUCTS_DIR</string>
		</dict>
		<key>17186CB719577859005E9EC9</key>
		<dict>
			<key>isa</key>
			<string>PBXFileReference</string>
			<key>lastKnownFileType</key>
			<string>wrapper.framework</string>
			<key>name</key>
			<string>XCTest.framework</string>
			<key>path</key>
			<string>Library/Frameworks/XCTest.framework</string>
			<key>sourceTree</key>
			<string>DEVELOPER_DIR</string>
		</dict>
		<key>17186CB819577859005E9EC9</key>
		<dict>
			<key>fileRef</key>
			<string>17186CB719577859005E9EC9</string>
			<key>isa</key>
			<string>PBXBuildFile</string>
		</dict>
		<key>17186CB919577859005E9EC9</key>
		<dict>
			<key>fileRef</key>
			<string>17186C9E19577858005E9EC9</string>
			<key>isa</key>
			<string>PBXBuildFile</string>
		</dict>
		<key>17186CBA19577859005E9EC9</key>
		<dict>
			<key>fileRef</key>
			<string>17186CA219577858005E9EC9</string>
			<key>isa</key>
			<string>PBXBuildFile</string>
		</dict>
		<key>17186CBB19577859005E9EC9</key>
		<dict>
			<key>containerPortal</key>
			<string>17186C9319577858005E9EC9</string>
			<key>isa</key>
			<string>PBXContainerItemProxy</string>
			<key>proxyType</key>
			<string>1</string>
			<key>remoteGlobalIDString</key>
			<string>17186C9A19577858005E9EC9</string>
			<key>remoteInfo</key>
			<string>Blocstagram</string>
		</dict>
		<key>17186CBC19577859005E9EC9</key>
		<dict>
			<key>isa</key>
			<string>PBXTargetDependency</string>
			<key>target</key>
			<string>17186C9A19577858005E9EC9</string>
			<key>targetProxy</key>
			<string>17186CBB19577859005E9EC9</string>
		</dict>
		<key>17186CBD19577859005E9EC9</key>
		<dict>
			<key>children</key>
			<array>
				<string>17186CC319577859005E9EC9</string>
				<string>17186CBE19577859005E9EC9</string>
			</array>
			<key>isa</key>
			<string>PBXGroup</string>
			<key>path</key>
			<string>BlocstagramTests</string>
			<key>sourceTree</key>
			<string>&lt;group&gt;</string>
		</dict>
		<key>17186CBE19577859005E9EC9</key>
		<dict>
			<key>children</key>
			<array>
				<string>17186CBF19577859005E9EC9</string>
				<string>17186CC019577859005E9EC9</string>
			</array>
			<key>isa</key>
			<string>PBXGroup</string>
			<key>name</key>
			<string>Supporting Files</string>
			<key>sourceTree</key>
			<string>&lt;group&gt;</string>
		</dict>
		<key>17186CBF19577859005E9EC9</key>
		<dict>
			<key>isa</key>
			<string>PBXFileReference</string>
			<key>lastKnownFileType</key>
			<string>text.plist.xml</string>
			<key>path</key>
			<string>BlocstagramTests-Info.plist</string>
			<key>sourceTree</key>
			<string>&lt;group&gt;</string>
		</dict>
		<key>17186CC019577859005E9EC9</key>
		<dict>
			<key>children</key>
			<array>
				<string>17186CC119577859005E9EC9</string>
			</array>
			<key>isa</key>
			<string>PBXVariantGroup</string>
			<key>name</key>
			<string>InfoPlist.strings</string>
			<key>sourceTree</key>
			<string>&lt;group&gt;</string>
		</dict>
		<key>17186CC119577859005E9EC9</key>
		<dict>
			<key>isa</key>
			<string>PBXFileReference</string>
			<key>lastKnownFileType</key>
			<string>text.plist.strings</string>
			<key>name</key>
			<string>en</string>
			<key>path</key>
			<string>en.lproj/InfoPlist.strings</string>
			<key>sourceTree</key>
			<string>&lt;group&gt;</string>
		</dict>
		<key>17186CC219577859005E9EC9</key>
		<dict>
			<key>fileRef</key>
			<string>17186CC019577859005E9EC9</string>
			<key>isa</key>
			<string>PBXBuildFile</string>
		</dict>
		<key>17186CC319577859005E9EC9</key>
		<dict>
			<key>isa</key>
			<string>PBXFileReference</string>
			<key>lastKnownFileType</key>
			<string>sourcecode.c.objc</string>
			<key>path</key>
			<string>BlocstagramTests.m</string>
			<key>sourceTree</key>
			<string>&lt;group&gt;</string>
		</dict>
		<key>17186CC419577859005E9EC9</key>
		<dict>
			<key>fileRef</key>
			<string>17186CC319577859005E9EC9</string>
			<key>isa</key>
			<string>PBXBuildFile</string>
		</dict>
		<key>17186CC519577859005E9EC9</key>
		<dict>
			<key>buildSettings</key>
			<dict>
				<key>ALWAYS_SEARCH_USER_PATHS</key>
				<string>NO</string>
				<key>CLANG_CXX_LANGUAGE_STANDARD</key>
				<string>gnu++0x</string>
				<key>CLANG_CXX_LIBRARY</key>
				<string>libc++</string>
				<key>CLANG_ENABLE_MODULES</key>
				<string>YES</string>
				<key>CLANG_ENABLE_OBJC_ARC</key>
				<string>YES</string>
				<key>CLANG_WARN_BOOL_CONVERSION</key>
				<string>YES</string>
				<key>CLANG_WARN_CONSTANT_CONVERSION</key>
				<string>YES</string>
				<key>CLANG_WARN_DIRECT_OBJC_ISA_USAGE</key>
				<string>YES_ERROR</string>
				<key>CLANG_WARN_EMPTY_BODY</key>
				<string>YES</string>
				<key>CLANG_WARN_ENUM_CONVERSION</key>
				<string>YES</string>
				<key>CLANG_WARN_INT_CONVERSION</key>
				<string>YES</string>
				<key>CLANG_WARN_OBJC_ROOT_CLASS</key>
				<string>YES_ERROR</string>
				<key>CLANG_WARN__DUPLICATE_METHOD_MATCH</key>
				<string>YES</string>
				<key>CODE_SIGN_IDENTITY[sdk=iphoneos*]</key>
				<string>iPhone Developer</string>
				<key>COPY_PHASE_STRIP</key>
				<string>NO</string>
				<key>GCC_C_LANGUAGE_STANDARD</key>
				<string>gnu99</string>
				<key>GCC_DYNAMIC_NO_PIC</key>
				<string>NO</string>
				<key>GCC_OPTIMIZATION_LEVEL</key>
				<string>0</string>
				<key>GCC_PREPROCESSOR_DEFINITIONS</key>
				<array>
					<string>DEBUG=1</string>
					<string>$(inherited)</string>
				</array>
				<key>GCC_SYMBOLS_PRIVATE_EXTERN</key>
				<string>NO</string>
				<key>GCC_WARN_64_TO_32_BIT_CONVERSION</key>
				<string>YES</string>
				<key>GCC_WARN_ABOUT_RETURN_TYPE</key>
				<string>YES_ERROR</string>
				<key>GCC_WARN_UNDECLARED_SELECTOR</key>
				<string>YES</string>
				<key>GCC_WARN_UNINITIALIZED_AUTOS</key>
				<string>YES_AGGRESSIVE</string>
				<key>GCC_WARN_UNUSED_FUNCTION</key>
				<string>YES</string>
				<key>GCC_WARN_UNUSED_VARIABLE</key>
				<string>YES</string>
				<key>IPHONEOS_DEPLOYMENT_TARGET</key>
				<string>7.1</string>
				<key>ONLY_ACTIVE_ARCH</key>
				<string>YES</string>
				<key>SDKROOT</key>
				<string>iphoneos</string>
				<key>TARGETED_DEVICE_FAMILY</key>
				<string>1,2</string>
			</dict>
			<key>isa</key>
			<string>XCBuildConfiguration</string>
			<key>name</key>
			<string>Debug</string>
		</dict>
		<key>17186CC619577859005E9EC9</key>
		<dict>
			<key>buildSettings</key>
			<dict>
				<key>ALWAYS_SEARCH_USER_PATHS</key>
				<string>NO</string>
				<key>CLANG_CXX_LANGUAGE_STANDARD</key>
				<string>gnu++0x</string>
				<key>CLANG_CXX_LIBRARY</key>
				<string>libc++</string>
				<key>CLANG_ENABLE_MODULES</key>
				<string>YES</string>
				<key>CLANG_ENABLE_OBJC_ARC</key>
				<string>YES</string>
				<key>CLANG_WARN_BOOL_CONVERSION</key>
				<string>YES</string>
				<key>CLANG_WARN_CONSTANT_CONVERSION</key>
				<string>YES</string>
				<key>CLANG_WARN_DIRECT_OBJC_ISA_USAGE</key>
				<string>YES_ERROR</string>
				<key>CLANG_WARN_EMPTY_BODY</key>
				<string>YES</string>
				<key>CLANG_WARN_ENUM_CONVERSION</key>
				<string>YES</string>
				<key>CLANG_WARN_INT_CONVERSION</key>
				<string>YES</string>
				<key>CLANG_WARN_OBJC_ROOT_CLASS</key>
				<string>YES_ERROR</string>
				<key>CLANG_WARN__DUPLICATE_METHOD_MATCH</key>
				<string>YES</string>
				<key>CODE_SIGN_IDENTITY[sdk=iphoneos*]</key>
				<string>iPhone Developer</string>
				<key>COPY_PHASE_STRIP</key>
				<string>YES</string>
				<key>ENABLE_NS_ASSERTIONS</key>
				<string>NO</string>
				<key>GCC_C_LANGUAGE_STANDARD</key>
				<string>gnu99</string>
				<key>GCC_WARN_64_TO_32_BIT_CONVERSION</key>
				<string>YES</string>
				<key>GCC_WARN_ABOUT_RETURN_TYPE</key>
				<string>YES_ERROR</string>
				<key>GCC_WARN_UNDECLARED_SELECTOR</key>
				<string>YES</string>
				<key>GCC_WARN_UNINITIALIZED_AUTOS</key>
				<string>YES_AGGRESSIVE</string>
				<key>GCC_WARN_UNUSED_FUNCTION</key>
				<string>YES</string>
				<key>GCC_WARN_UNUSED_VARIABLE</key>
				<string>YES</string>
				<key>IPHONEOS_DEPLOYMENT_TARGET</key>
				<string>7.1</string>
				<key>SDKROOT</key>
				<string>iphoneos</string>
				<key>TARGETED_DEVICE_FAMILY</key>
				<string>1,2</string>
				<key>VALIDATE_PRODUCT</key>
				<string>YES</string>
			</dict>
			<key>isa</key>
			<string>XCBuildConfiguration</string>
			<key>name</key>
			<string>Release</string>
		</dict>
		<key>17186CC719577859005E9EC9</key>
		<dict>
			<key>buildConfigurations</key>
			<array>
				<string>17186CC819577859005E9EC9</string>
				<string>17186CC919577859005E9EC9</string>
			</array>
			<key>defaultConfigurationIsVisible</key>
			<string>0</string>
			<key>defaultConfigurationName</key>
			<string>Release</string>
			<key>isa</key>
			<string>XCConfigurationList</string>
		</dict>
		<key>17186CC819577859005E9EC9</key>
		<dict>
			<key>baseConfigurationReference</key>
			<string>9A19894920D342C58BAA64DC</string>
			<key>buildSettings</key>
			<dict>
				<key>ASSETCATALOG_COMPILER_APPICON_NAME</key>
				<string>AppIcon</string>
				<key>ASSETCATALOG_COMPILER_LAUNCHIMAGE_NAME</key>
				<string>LaunchImage</string>
				<key>GCC_PRECOMPILE_PREFIX_HEADER</key>
				<string>YES</string>
				<key>GCC_PREFIX_HEADER</key>
				<string>Blocstagram/Blocstagram-Prefix.pch</string>
				<key>INFOPLIST_FILE</key>
				<string>Blocstagram/Blocstagram-Info.plist</string>
				<key>PRODUCT_NAME</key>
				<string>$(TARGET_NAME)</string>
				<key>WRAPPER_EXTENSION</key>
				<string>app</string>
			</dict>
			<key>isa</key>
			<string>XCBuildConfiguration</string>
			<key>name</key>
			<string>Debug</string>
		</dict>
		<key>17186CC919577859005E9EC9</key>
		<dict>
			<key>baseConfigurationReference</key>
			<string>9A19894920D342C58BAA64DC</string>
			<key>buildSettings</key>
			<dict>
				<key>ASSETCATALOG_COMPILER_APPICON_NAME</key>
				<string>AppIcon</string>
				<key>ASSETCATALOG_COMPILER_LAUNCHIMAGE_NAME</key>
				<string>LaunchImage</string>
				<key>GCC_PRECOMPILE_PREFIX_HEADER</key>
				<string>YES</string>
				<key>GCC_PREFIX_HEADER</key>
				<string>Blocstagram/Blocstagram-Prefix.pch</string>
				<key>INFOPLIST_FILE</key>
				<string>Blocstagram/Blocstagram-Info.plist</string>
				<key>PRODUCT_NAME</key>
				<string>$(TARGET_NAME)</string>
				<key>WRAPPER_EXTENSION</key>
				<string>app</string>
			</dict>
			<key>isa</key>
			<string>XCBuildConfiguration</string>
			<key>name</key>
			<string>Release</string>
		</dict>
		<key>17186CCA19577859005E9EC9</key>
		<dict>
			<key>buildConfigurations</key>
			<array>
				<string>17186CCB19577859005E9EC9</string>
				<string>17186CCC19577859005E9EC9</string>
			</array>
			<key>defaultConfigurationIsVisible</key>
			<string>0</string>
			<key>defaultConfigurationName</key>
			<string>Release</string>
			<key>isa</key>
			<string>XCConfigurationList</string>
		</dict>
		<key>17186CCB19577859005E9EC9</key>
		<dict>
			<key>buildSettings</key>
			<dict>
				<key>BUNDLE_LOADER</key>
				<string>$(BUILT_PRODUCTS_DIR)/Blocstagram.app/Blocstagram</string>
				<key>FRAMEWORK_SEARCH_PATHS</key>
				<array>
					<string>$(SDKROOT)/Developer/Library/Frameworks</string>
					<string>$(inherited)</string>
					<string>$(DEVELOPER_FRAMEWORKS_DIR)</string>
				</array>
				<key>GCC_PRECOMPILE_PREFIX_HEADER</key>
				<string>YES</string>
				<key>GCC_PREFIX_HEADER</key>
				<string>Blocstagram/Blocstagram-Prefix.pch</string>
				<key>GCC_PREPROCESSOR_DEFINITIONS</key>
				<array>
					<string>DEBUG=1</string>
					<string>$(inherited)</string>
				</array>
				<key>INFOPLIST_FILE</key>
				<string>BlocstagramTests/BlocstagramTests-Info.plist</string>
				<key>PRODUCT_NAME</key>
				<string>$(TARGET_NAME)</string>
				<key>TEST_HOST</key>
				<string>$(BUNDLE_LOADER)</string>
				<key>WRAPPER_EXTENSION</key>
				<string>xctest</string>
			</dict>
			<key>isa</key>
			<string>XCBuildConfiguration</string>
			<key>name</key>
			<string>Debug</string>
		</dict>
		<key>17186CCC19577859005E9EC9</key>
		<dict>
			<key>buildSettings</key>
			<dict>
				<key>BUNDLE_LOADER</key>
				<string>$(BUILT_PRODUCTS_DIR)/Blocstagram.app/Blocstagram</string>
				<key>FRAMEWORK_SEARCH_PATHS</key>
				<array>
					<string>$(SDKROOT)/Developer/Library/Frameworks</string>
					<string>$(inherited)</string>
					<string>$(DEVELOPER_FRAMEWORKS_DIR)</string>
				</array>
				<key>GCC_PRECOMPILE_PREFIX_HEADER</key>
				<string>YES</string>
				<key>GCC_PREFIX_HEADER</key>
				<string>Blocstagram/Blocstagram-Prefix.pch</string>
				<key>INFOPLIST_FILE</key>
				<string>BlocstagramTests/BlocstagramTests-Info.plist</string>
				<key>PRODUCT_NAME</key>
				<string>$(TARGET_NAME)</string>
				<key>TEST_HOST</key>
				<string>$(BUNDLE_LOADER)</string>
				<key>WRAPPER_EXTENSION</key>
				<string>xctest</string>
			</dict>
			<key>isa</key>
			<string>XCBuildConfiguration</string>
			<key>name</key>
			<string>Release</string>
		</dict>
		<key>17186CCD19578173005E9EC9</key>
		<dict>
			<key>fileEncoding</key>
			<string>4</string>
			<key>isa</key>
			<string>PBXFileReference</string>
			<key>lastKnownFileType</key>
			<string>sourcecode.c.h</string>
			<key>path</key>
			<string>BLCImagesTableViewController.h</string>
			<key>sourceTree</key>
			<string>&lt;group&gt;</string>
		</dict>
		<key>17186CCE19578173005E9EC9</key>
		<dict>
			<key>fileEncoding</key>
			<string>4</string>
			<key>isa</key>
			<string>PBXFileReference</string>
			<key>lastKnownFileType</key>
			<string>sourcecode.c.objc</string>
			<key>path</key>
			<string>BLCImagesTableViewController.m</string>
			<key>sourceTree</key>
			<string>&lt;group&gt;</string>
		</dict>
		<key>17186CCF19578173005E9EC9</key>
		<dict>
			<key>fileRef</key>
			<string>17186CCE19578173005E9EC9</string>
			<key>isa</key>
			<string>PBXBuildFile</string>
		</dict>
		<key>17186CD019578415005E9EC9</key>
		<dict>
			<key>children</key>
			<array>
				<string>17186CD119578428005E9EC9</string>
				<string>17186CD219578428005E9EC9</string>
				<string>17186CD319578428005E9EC9</string>
				<string>17186CD419578428005E9EC9</string>
				<string>17186CD519578428005E9EC9</string>
				<string>17186CD619578428005E9EC9</string>
				<string>17186CD719578428005E9EC9</string>
				<string>17186CD819578428005E9EC9</string>
				<string>17186CD919578428005E9EC9</string>
				<string>17186CDA19578428005E9EC9</string>
			</array>
			<key>isa</key>
			<string>PBXGroup</string>
			<key>name</key>
			<string>Images</string>
			<key>sourceTree</key>
			<string>&lt;group&gt;</string>
		</dict>
		<key>17186CD119578428005E9EC9</key>
		<dict>
			<key>isa</key>
			<string>PBXFileReference</string>
			<key>lastKnownFileType</key>
			<string>image.jpeg</string>
			<key>path</key>
			<string>1.jpg</string>
			<key>sourceTree</key>
			<string>&lt;group&gt;</string>
		</dict>
		<key>17186CD219578428005E9EC9</key>
		<dict>
			<key>isa</key>
			<string>PBXFileReference</string>
			<key>lastKnownFileType</key>
			<string>image.jpeg</string>
			<key>path</key>
			<string>2.jpg</string>
			<key>sourceTree</key>
			<string>&lt;group&gt;</string>
		</dict>
		<key>17186CD319578428005E9EC9</key>
		<dict>
			<key>isa</key>
			<string>PBXFileReference</string>
			<key>lastKnownFileType</key>
			<string>image.jpeg</string>
			<key>path</key>
			<string>3.jpg</string>
			<key>sourceTree</key>
			<string>&lt;group&gt;</string>
		</dict>
		<key>17186CD419578428005E9EC9</key>
		<dict>
			<key>isa</key>
			<string>PBXFileReference</string>
			<key>lastKnownFileType</key>
			<string>image.jpeg</string>
			<key>path</key>
			<string>4.jpg</string>
			<key>sourceTree</key>
			<string>&lt;group&gt;</string>
		</dict>
		<key>17186CD519578428005E9EC9</key>
		<dict>
			<key>isa</key>
			<string>PBXFileReference</string>
			<key>lastKnownFileType</key>
			<string>image.jpeg</string>
			<key>path</key>
			<string>5.jpg</string>
			<key>sourceTree</key>
			<string>&lt;group&gt;</string>
		</dict>
		<key>17186CD619578428005E9EC9</key>
		<dict>
			<key>isa</key>
			<string>PBXFileReference</string>
			<key>lastKnownFileType</key>
			<string>image.jpeg</string>
			<key>path</key>
			<string>6.jpg</string>
			<key>sourceTree</key>
			<string>&lt;group&gt;</string>
		</dict>
		<key>17186CD719578428005E9EC9</key>
		<dict>
			<key>isa</key>
			<string>PBXFileReference</string>
			<key>lastKnownFileType</key>
			<string>image.jpeg</string>
			<key>path</key>
			<string>7.jpg</string>
			<key>sourceTree</key>
			<string>&lt;group&gt;</string>
		</dict>
		<key>17186CD819578428005E9EC9</key>
		<dict>
			<key>isa</key>
			<string>PBXFileReference</string>
			<key>lastKnownFileType</key>
			<string>image.jpeg</string>
			<key>path</key>
			<string>8.jpg</string>
			<key>sourceTree</key>
			<string>&lt;group&gt;</string>
		</dict>
		<key>17186CD919578428005E9EC9</key>
		<dict>
			<key>isa</key>
			<string>PBXFileReference</string>
			<key>lastKnownFileType</key>
			<string>image.jpeg</string>
			<key>path</key>
			<string>9.jpg</string>
			<key>sourceTree</key>
			<string>&lt;group&gt;</string>
		</dict>
		<key>17186CDA19578428005E9EC9</key>
		<dict>
			<key>isa</key>
			<string>PBXFileReference</string>
			<key>lastKnownFileType</key>
			<string>image.jpeg</string>
			<key>path</key>
			<string>10.jpg</string>
			<key>sourceTree</key>
			<string>&lt;group&gt;</string>
		</dict>
		<key>17186CDB19578428005E9EC9</key>
		<dict>
			<key>fileRef</key>
			<string>17186CD119578428005E9EC9</string>
			<key>isa</key>
			<string>PBXBuildFile</string>
		</dict>
		<key>17186CDC19578428005E9EC9</key>
		<dict>
			<key>fileRef</key>
			<string>17186CD219578428005E9EC9</string>
			<key>isa</key>
			<string>PBXBuildFile</string>
		</dict>
		<key>17186CDD19578428005E9EC9</key>
		<dict>
			<key>fileRef</key>
			<string>17186CD319578428005E9EC9</string>
			<key>isa</key>
			<string>PBXBuildFile</string>
		</dict>
		<key>17186CDE19578428005E9EC9</key>
		<dict>
			<key>fileRef</key>
			<string>17186CD419578428005E9EC9</string>
			<key>isa</key>
			<string>PBXBuildFile</string>
		</dict>
		<key>17186CDF19578428005E9EC9</key>
		<dict>
			<key>fileRef</key>
			<string>17186CD519578428005E9EC9</string>
			<key>isa</key>
			<string>PBXBuildFile</string>
		</dict>
		<key>17186CE019578428005E9EC9</key>
		<dict>
			<key>fileRef</key>
			<string>17186CD619578428005E9EC9</string>
			<key>isa</key>
			<string>PBXBuildFile</string>
		</dict>
		<key>17186CE119578428005E9EC9</key>
		<dict>
			<key>fileRef</key>
			<string>17186CD719578428005E9EC9</string>
			<key>isa</key>
			<string>PBXBuildFile</string>
		</dict>
		<key>17186CE219578428005E9EC9</key>
		<dict>
			<key>fileRef</key>
			<string>17186CD819578428005E9EC9</string>
			<key>isa</key>
			<string>PBXBuildFile</string>
		</dict>
		<key>17186CE319578428005E9EC9</key>
		<dict>
			<key>fileRef</key>
			<string>17186CD919578428005E9EC9</string>
			<key>isa</key>
			<string>PBXBuildFile</string>
		</dict>
		<key>17186CE419578428005E9EC9</key>
		<dict>
			<key>fileRef</key>
			<string>17186CDA19578428005E9EC9</string>
			<key>isa</key>
			<string>PBXBuildFile</string>
		</dict>
		<key>17186CE519579670005E9EC9</key>
		<dict>
			<key>fileEncoding</key>
			<string>4</string>
			<key>isa</key>
			<string>PBXFileReference</string>
			<key>lastKnownFileType</key>
			<string>sourcecode.c.h</string>
			<key>path</key>
			<string>BLCUser.h</string>
			<key>sourceTree</key>
			<string>&lt;group&gt;</string>
		</dict>
		<key>17186CE619579670005E9EC9</key>
		<dict>
			<key>fileEncoding</key>
			<string>4</string>
			<key>isa</key>
			<string>PBXFileReference</string>
			<key>lastKnownFileType</key>
			<string>sourcecode.c.objc</string>
			<key>path</key>
			<string>BLCUser.m</string>
			<key>sourceTree</key>
			<string>&lt;group&gt;</string>
		</dict>
		<key>17186CE719579670005E9EC9</key>
		<dict>
			<key>fileRef</key>
			<string>17186CE619579670005E9EC9</string>
			<key>isa</key>
			<string>PBXBuildFile</string>
		</dict>
		<key>17186CE8195796A4005E9EC9</key>
		<dict>
			<key>fileEncoding</key>
			<string>4</string>
			<key>isa</key>
			<string>PBXFileReference</string>
			<key>lastKnownFileType</key>
			<string>sourcecode.c.h</string>
			<key>path</key>
			<string>BLCMedia.h</string>
			<key>sourceTree</key>
			<string>&lt;group&gt;</string>
		</dict>
		<key>17186CE9195796A4005E9EC9</key>
		<dict>
			<key>fileEncoding</key>
			<string>4</string>
			<key>isa</key>
			<string>PBXFileReference</string>
			<key>lastKnownFileType</key>
			<string>sourcecode.c.objc</string>
			<key>path</key>
			<string>BLCMedia.m</string>
			<key>sourceTree</key>
			<string>&lt;group&gt;</string>
		</dict>
		<key>17186CEA195796A4005E9EC9</key>
		<dict>
			<key>fileRef</key>
			<string>17186CE9195796A4005E9EC9</string>
			<key>isa</key>
			<string>PBXBuildFile</string>
		</dict>
		<key>17186CEB195796FD005E9EC9</key>
		<dict>
			<key>fileEncoding</key>
			<string>4</string>
			<key>isa</key>
			<string>PBXFileReference</string>
			<key>lastKnownFileType</key>
			<string>sourcecode.c.h</string>
			<key>path</key>
			<string>BLCComment.h</string>
			<key>sourceTree</key>
			<string>&lt;group&gt;</string>
		</dict>
		<key>17186CEC195796FD005E9EC9</key>
		<dict>
			<key>fileEncoding</key>
			<string>4</string>
			<key>isa</key>
			<string>PBXFileReference</string>
			<key>lastKnownFileType</key>
			<string>sourcecode.c.objc</string>
			<key>path</key>
			<string>BLCComment.m</string>
			<key>sourceTree</key>
			<string>&lt;group&gt;</string>
		</dict>
		<key>17186CED195796FD005E9EC9</key>
		<dict>
			<key>fileRef</key>
			<string>17186CEC195796FD005E9EC9</string>
			<key>isa</key>
			<string>PBXBuildFile</string>
		</dict>
		<key>17186CEE19579799005E9EC9</key>
		<dict>
			<key>fileEncoding</key>
			<string>4</string>
			<key>isa</key>
			<string>PBXFileReference</string>
			<key>lastKnownFileType</key>
			<string>sourcecode.c.h</string>
			<key>path</key>
			<string>BLCDataSource.h</string>
			<key>sourceTree</key>
			<string>&lt;group&gt;</string>
		</dict>
		<key>17186CEF19579799005E9EC9</key>
		<dict>
			<key>fileEncoding</key>
			<string>4</string>
			<key>isa</key>
			<string>PBXFileReference</string>
			<key>lastKnownFileType</key>
			<string>sourcecode.c.objc</string>
			<key>path</key>
			<string>BLCDataSource.m</string>
			<key>sourceTree</key>
			<string>&lt;group&gt;</string>
		</dict>
		<key>17186CF019579799005E9EC9</key>
		<dict>
			<key>fileRef</key>
			<string>17186CEF19579799005E9EC9</string>
			<key>isa</key>
			<string>PBXBuildFile</string>
		</dict>
		<key>7B20D9D1D1D44624A63820A6</key>
		<dict>
			<key>buildActionMask</key>
			<string>2147483647</string>
			<key>files</key>
			<array/>
			<key>inputPaths</key>
			<array/>
			<key>isa</key>
			<string>PBXShellScriptBuildPhase</string>
			<key>name</key>
			<string>Copy Pods Resources</string>
			<key>outputPaths</key>
			<array/>
			<key>runOnlyForDeploymentPostprocessing</key>
			<string>0</string>
			<key>shellPath</key>
			<string>/bin/sh</string>
			<key>shellScript</key>
			<string>"${SRCROOT}/Pods/Pods-resources.sh"
</string>
			<key>showEnvVarsInLog</key>
			<string>0</string>
		</dict>
		<key>8EFB7A8A38294BABB169724F</key>
		<dict>
			<key>fileRef</key>
			<string>FADE57CB7F4B4FC6B5B3E5CF</string>
			<key>isa</key>
			<string>PBXBuildFile</string>
		</dict>
		<key>939AD9121958CF4600ED850F</key>
		<dict>
			<key>fileEncoding</key>
			<string>4</string>
			<key>isa</key>
			<string>PBXFileReference</string>
			<key>lastKnownFileType</key>
			<string>sourcecode.c.h</string>
			<key>path</key>
			<string>BLCMediaTableViewCell.h</string>
			<key>sourceTree</key>
			<string>&lt;group&gt;</string>
		</dict>
		<key>939AD9131958CF4600ED850F</key>
		<dict>
			<key>fileEncoding</key>
			<string>4</string>
			<key>isa</key>
			<string>PBXFileReference</string>
			<key>lastKnownFileType</key>
			<string>sourcecode.c.objc</string>
			<key>path</key>
			<string>BLCMediaTableViewCell.m</string>
			<key>sourceTree</key>
			<string>&lt;group&gt;</string>
		</dict>
		<key>939AD9141958CF4600ED850F</key>
		<dict>
			<key>fileRef</key>
			<string>939AD9131958CF4600ED850F</string>
			<key>isa</key>
			<string>PBXBuildFile</string>
		</dict>
		<key>939AD915195CB39F00ED850F</key>
		<dict>
			<key>fileEncoding</key>
			<string>4</string>
			<key>isa</key>
			<string>PBXFileReference</string>
			<key>lastKnownFileType</key>
			<string>sourcecode.c.h</string>
			<key>path</key>
			<string>BLCLoginViewController.h</string>
			<key>sourceTree</key>
			<string>&lt;group&gt;</string>
		</dict>
		<key>939AD916195CB39F00ED850F</key>
		<dict>
			<key>fileEncoding</key>
			<string>4</string>
			<key>isa</key>
			<string>PBXFileReference</string>
			<key>lastKnownFileType</key>
			<string>sourcecode.c.objc</string>
			<key>path</key>
			<string>BLCLoginViewController.m</string>
			<key>sourceTree</key>
			<string>&lt;group&gt;</string>
		</dict>
		<key>939AD917195CB39F00ED850F</key>
		<dict>
			<key>fileRef</key>
			<string>939AD916195CB39F00ED850F</string>
			<key>isa</key>
			<string>PBXBuildFile</string>
		</dict>
		<key>9A19894920D342C58BAA64DC</key>
		<dict>
			<key>includeInIndex</key>
			<string>1</string>
			<key>isa</key>
			<string>PBXFileReference</string>
			<key>lastKnownFileType</key>
			<string>text.xcconfig</string>
			<key>name</key>
			<string>Pods.xcconfig</string>
			<key>path</key>
			<string>Pods/Pods.xcconfig</string>
			<key>sourceTree</key>
			<string>&lt;group&gt;</string>
		</dict>
		<key>AA1D8A12C3614BC2982FA82B</key>
		<dict>
			<key>buildActionMask</key>
			<string>2147483647</string>
			<key>files</key>
			<array/>
			<key>inputPaths</key>
			<array/>
			<key>isa</key>
			<string>PBXShellScriptBuildPhase</string>
			<key>name</key>
			<string>Check Pods Manifest.lock</string>
			<key>outputPaths</key>
			<array/>
			<key>runOnlyForDeploymentPostprocessing</key>
			<string>0</string>
			<key>shellPath</key>
			<string>/bin/sh</string>
			<key>shellScript</key>
			<string>diff "${PODS_ROOT}/../Podfile.lock" "${PODS_ROOT}/Manifest.lock" &gt; /dev/null
if [[ $? != 0 ]] ; then
    cat &lt;&lt; EOM
error: The sandbox is not in sync with the Podfile.lock. Run 'pod install' or update your CocoaPods installation.
EOM
    exit 1
fi
</string>
			<key>showEnvVarsInLog</key>
			<string>0</string>
		</dict>
		<key>FADE57CB7F4B4FC6B5B3E5CF</key>
		<dict>
			<key>explicitFileType</key>
			<string>archive.ar</string>
			<key>includeInIndex</key>
			<string>0</string>
			<key>isa</key>
			<string>PBXFileReference</string>
			<key>path</key>
			<string>libPods.a</string>
			<key>sourceTree</key>
			<string>BUILT_PRODUCTS_DIR</string>
		</dict>
	</dict>
	<key>rootObject</key>
	<string>17186C9319577858005E9EC9</string>
</dict>
</plist>
